
Microsoft Visual Studio Solution File, Format Version 12.00
# Visual Studio 15
VisualStudioVersion = 15.0.27130.2027
MinimumVisualStudioVersion = 10.0.40219.1
Project("{FAE04EC0-301F-11D3-BF4B-00C04F79EFBC}") = "CharacterCart.MVC", "CharacterCart\CharacterCart.MVC.csproj", "{35FA6235-DE71-431D-B312-3A65F2560A4A}"
EndProject
Project("{E53339B2-1760-4266-BCC7-CA923CBCF16C}") = "docker-compose", "docker-compose.dcproj", "{B7A13991-B6B6-44CA-B7D6-2E054C7D72B7}"
EndProject
Project("{FAE04EC0-301F-11D3-BF4B-00C04F79EFBC}") = "CharacterCart.Models", "Models\CharacterCart.Models.csproj", "{D5A4BA1B-0FB7-4C8E-992E-D23BA9D1D123}"
EndProject
Project("{FAE04EC0-301F-11D3-BF4B-00C04F79EFBC}") = "CharacterCart.DAL", "CharacterCart.DAL\CharacterCart.DAL.csproj", "{0EE0399F-8AA8-4CB0-AA14-422E0204CB03}"
EndProject
Project("{FAE04EC0-301F-11D3-BF4B-00C04F79EFBC}") = "CharacterCart.Tests", "CharacterCart.Tests\CharacterCart.Tests.csproj", "{76E22A2B-3E24-41AF-BAE7-AB7667072363}"
EndProject
Global
	GlobalSection(SolutionConfigurationPlatforms) = preSolution
		Debug|Any CPU = Debug|Any CPU
		Release|Any CPU = Release|Any CPU
	EndGlobalSection
	GlobalSection(ProjectConfigurationPlatforms) = postSolution
		{35FA6235-DE71-431D-B312-3A65F2560A4A}.Debug|Any CPU.ActiveCfg = Debug|Any CPU
		{35FA6235-DE71-431D-B312-3A65F2560A4A}.Debug|Any CPU.Build.0 = Debug|Any CPU
		{35FA6235-DE71-431D-B312-3A65F2560A4A}.Release|Any CPU.ActiveCfg = Release|Any CPU
		{35FA6235-DE71-431D-B312-3A65F2560A4A}.Release|Any CPU.Build.0 = Release|Any CPU
		{B7A13991-B6B6-44CA-B7D6-2E054C7D72B7}.Debug|Any CPU.ActiveCfg = Debug|Any CPU
		{B7A13991-B6B6-44CA-B7D6-2E054C7D72B7}.Debug|Any CPU.Build.0 = Debug|Any CPU
		{B7A13991-B6B6-44CA-B7D6-2E054C7D72B7}.Release|Any CPU.ActiveCfg = Release|Any CPU
		{B7A13991-B6B6-44CA-B7D6-2E054C7D72B7}.Release|Any CPU.Build.0 = Release|Any CPU
		{D5A4BA1B-0FB7-4C8E-992E-D23BA9D1D123}.Debug|Any CPU.ActiveCfg = Debug|Any CPU
		{D5A4BA1B-0FB7-4C8E-992E-D23BA9D1D123}.Debug|Any CPU.Build.0 = Debug|Any CPU
		{D5A4BA1B-0FB7-4C8E-992E-D23BA9D1D123}.Release|Any CPU.ActiveCfg = Release|Any CPU
		{D5A4BA1B-0FB7-4C8E-992E-D23BA9D1D123}.Release|Any CPU.Build.0 = Release|Any CPU
		{0EE0399F-8AA8-4CB0-AA14-422E0204CB03}.Debug|Any CPU.ActiveCfg = Debug|Any CPU
		{0EE0399F-8AA8-4CB0-AA14-422E0204CB03}.Debug|Any CPU.Build.0 = Debug|Any CPU
		{0EE0399F-8AA8-4CB0-AA14-422E0204CB03}.Release|Any CPU.ActiveCfg = Release|Any CPU
		{0EE0399F-8AA8-4CB0-AA14-422E0204CB03}.Release|Any CPU.Build.0 = Release|Any CPU
		{76E22A2B-3E24-41AF-BAE7-AB7667072363}.Debug|Any CPU.ActiveCfg = Debug|Any CPU
		{76E22A2B-3E24-41AF-BAE7-AB7667072363}.Debug|Any CPU.Build.0 = Debug|Any CPU
		{76E22A2B-3E24-41AF-BAE7-AB7667072363}.Release|Any CPU.ActiveCfg = Release|Any CPU
		{76E22A2B-3E24-41AF-BAE7-AB7667072363}.Release|Any CPU.Build.0 = Release|Any CPU
	EndGlobalSection
	GlobalSection(SolutionProperties) = preSolution
		HideSolutionNode = FALSE
	EndGlobalSection
	GlobalSection(ExtensibilityGlobals) = postSolution
		SolutionGuid = {5E4E6577-F740-4CF9-ADC2-C8EC0DF0937D}
	EndGlobalSection
EndGlobal
